
Microsoft Visual Studio Solution File, Format Version 12.00
# Visual Studio Version 17
VisualStudioVersion = 17.2.32630.192
MinimumVisualStudioVersion = 10.0.40219.1
Project("{FAE04EC0-301F-11D3-BF4B-00C04F79EFBC}") = "Proyecto", "Proyecto\Proyecto.csproj", "{FA98137C-358A-43B4-8DCC-0D5E0C3A07B8}"
EndProject
Project("{54435603-DBB4-11D2-8724-00A0C9A8B90C}") = "OrthoAnalisis", "OrthoAnalisis\OrthoAnalisis.vdproj", "{CD7E7E73-AB64-4DA4-95E2-D3A846C6D98B}"
EndProject
Global
	GlobalSection(SolutionConfigurationPlatforms) = preSolution
		Debug|Any CPU = Debug|Any CPU
		Release|Any CPU = Release|Any CPU
	EndGlobalSection
	GlobalSection(ProjectConfigurationPlatforms) = postSolution
		{FA98137C-358A-43B4-8DCC-0D5E0C3A07B8}.Debug|Any CPU.ActiveCfg = Debug|Any CPU
		{FA98137C-358A-43B4-8DCC-0D5E0C3A07B8}.Debug|Any CPU.Build.0 = Debug|Any CPU
		{FA98137C-358A-43B4-8DCC-0D5E0C3A07B8}.Release|Any CPU.ActiveCfg = Release|Any CPU
		{FA98137C-358A-43B4-8DCC-0D5E0C3A07B8}.Release|Any CPU.Build.0 = Release|Any CPU
		{CD7E7E73-AB64-4DA4-95E2-D3A846C6D98B}.Debug|Any CPU.ActiveCfg = Debug
		{CD7E7E73-AB64-4DA4-95E2-D3A846C6D98B}.Release|Any CPU.ActiveCfg = Release
		{CD7E7E73-AB64-4DA4-95E2-D3A846C6D98B}.Release|Any CPU.Build.0 = Release
	EndGlobalSection
	GlobalSection(SolutionProperties) = preSolution
		HideSolutionNode = FALSE
	EndGlobalSection
	GlobalSection(ExtensibilityGlobals) = postSolution
		SolutionGuid = {C31888C4-DEDB-446B-B810-E0C82AE57232}
	EndGlobalSection
EndGlobal
